
Microsoft Visual Studio Solution File, Format Version 12.00
# Visual Studio Version 17
VisualStudioVersion = 17.10.35122.118
MinimumVisualStudioVersion = 10.0.40219.1
Project("{9A19103F-16F7-4668-BE54-9A1E7A4F7556}") = "PetSpaBE.API", "PetSpaBE.API\PetSpaBE.API.csproj", "{5A1C036E-D011-4BEA-922D-A0A4D7653128}"
	ProjectSection(ProjectDependencies) = postProject
		{0C903CE6-2BCE-4BE5-8247-BF6BBE4618C1} = {0C903CE6-2BCE-4BE5-8247-BF6BBE4618C1}
		{ADC77EF5-0819-4073-B856-E2CB2358E55C} = {ADC77EF5-0819-4073-B856-E2CB2358E55C}
	EndProjectSection
EndProject
Project("{2150E333-8FDC-42A3-9474-1A3956D46DE8}") = "1.SERVER", "1.SERVER", "{276EFBDB-FAE2-4F6E-A1C4-3AC2E829DC16}"
EndProject
Project("{2150E333-8FDC-42A3-9474-1A3956D46DE8}") = "2.SERVICES", "2.SERVICES", "{E478E12F-D888-49D5-9C74-0F1222D5C452}"
EndProject
Project("{2150E333-8FDC-42A3-9474-1A3956D46DE8}") = "3.REPOSITORY", "3.REPOSITORY", "{F0AC476A-4449-46F9-94D0-E56515D3E358}"
EndProject
Project("{2150E333-8FDC-42A3-9474-1A3956D46DE8}") = "4.CORE", "4.CORE", "{A99E8602-81F7-4FFF-88C5-305D65C27E52}"
EndProject
Project("{9A19103F-16F7-4668-BE54-9A1E7A4F7556}") = "PetSpa.Contract.Services", "PetSpa.Contract.Services\PetSpa.Contract.Services.csproj", "{F411E487-4B6E-44AB-B69F-8FD14FF1D8B8}"
EndProject
Project("{9A19103F-16F7-4668-BE54-9A1E7A4F7556}") = "PetSpa.Services", "PetSpa.Services\PetSpa.Services.csproj", "{7B853C07-0FF6-40A6-939A-35062346532A}"
EndProject
Project("{9A19103F-16F7-4668-BE54-9A1E7A4F7556}") = "PetSpa.Contract.Repositories", "PetSpa.Contract.Repositories\PetSpa.Contract.Repositories.csproj", "{62715912-320C-4A1F-BC2E-E9F2C225A1D2}"
EndProject
Project("{9A19103F-16F7-4668-BE54-9A1E7A4F7556}") = "PetSpa.ModelViews", "PetSpa.ModelViews\PetSpa.ModelViews.csproj", "{ADC77EF5-0819-4073-B856-E2CB2358E55C}"
EndProject
Project("{9A19103F-16F7-4668-BE54-9A1E7A4F7556}") = "PetSpa.Repositories", "PetSpa.Repositories\PetSpa.Repositories.csproj", "{E91F153A-2149-40A1-B2EF-47B5BE3942FC}"
EndProject
Project("{9A19103F-16F7-4668-BE54-9A1E7A4F7556}") = "PetSpa.Core", "PetSpa.Core\PetSpa.Core.csproj", "{0C903CE6-2BCE-4BE5-8247-BF6BBE4618C1}"
EndProject
Project("{9A19103F-16F7-4668-BE54-9A1E7A4F7556}") = "PetSpaBE.Razor", "PetSpaBE.Razor\PetSpaBE.Razor.csproj", "{D1FCB059-20F2-4C8F-9B5A-13D0B3C102E5}"
EndProject
Global
	GlobalSection(SolutionConfigurationPlatforms) = preSolution
		Debug|Any CPU = Debug|Any CPU
		Release|Any CPU = Release|Any CPU
	EndGlobalSection
	GlobalSection(ProjectConfigurationPlatforms) = postSolution
		{5A1C036E-D011-4BEA-922D-A0A4D7653128}.Debug|Any CPU.ActiveCfg = Debug|Any CPU
		{5A1C036E-D011-4BEA-922D-A0A4D7653128}.Debug|Any CPU.Build.0 = Debug|Any CPU
		{5A1C036E-D011-4BEA-922D-A0A4D7653128}.Release|Any CPU.ActiveCfg = Release|Any CPU
		{5A1C036E-D011-4BEA-922D-A0A4D7653128}.Release|Any CPU.Build.0 = Release|Any CPU
		{F411E487-4B6E-44AB-B69F-8FD14FF1D8B8}.Debug|Any CPU.ActiveCfg = Debug|Any CPU
		{F411E487-4B6E-44AB-B69F-8FD14FF1D8B8}.Debug|Any CPU.Build.0 = Debug|Any CPU
		{F411E487-4B6E-44AB-B69F-8FD14FF1D8B8}.Release|Any CPU.ActiveCfg = Release|Any CPU
		{F411E487-4B6E-44AB-B69F-8FD14FF1D8B8}.Release|Any CPU.Build.0 = Release|Any CPU
		{7B853C07-0FF6-40A6-939A-35062346532A}.Debug|Any CPU.ActiveCfg = Debug|Any CPU
		{7B853C07-0FF6-40A6-939A-35062346532A}.Debug|Any CPU.Build.0 = Debug|Any CPU
		{7B853C07-0FF6-40A6-939A-35062346532A}.Release|Any CPU.ActiveCfg = Release|Any CPU
		{7B853C07-0FF6-40A6-939A-35062346532A}.Release|Any CPU.Build.0 = Release|Any CPU
		{62715912-320C-4A1F-BC2E-E9F2C225A1D2}.Debug|Any CPU.ActiveCfg = Debug|Any CPU
		{62715912-320C-4A1F-BC2E-E9F2C225A1D2}.Debug|Any CPU.Build.0 = Debug|Any CPU
		{62715912-320C-4A1F-BC2E-E9F2C225A1D2}.Release|Any CPU.ActiveCfg = Release|Any CPU
		{62715912-320C-4A1F-BC2E-E9F2C225A1D2}.Release|Any CPU.Build.0 = Release|Any CPU
		{ADC77EF5-0819-4073-B856-E2CB2358E55C}.Debug|Any CPU.ActiveCfg = Debug|Any CPU
		{ADC77EF5-0819-4073-B856-E2CB2358E55C}.Debug|Any CPU.Build.0 = Debug|Any CPU
		{ADC77EF5-0819-4073-B856-E2CB2358E55C}.Release|Any CPU.ActiveCfg = Release|Any CPU
		{ADC77EF5-0819-4073-B856-E2CB2358E55C}.Release|Any CPU.Build.0 = Release|Any CPU
		{E91F153A-2149-40A1-B2EF-47B5BE3942FC}.Debug|Any CPU.ActiveCfg = Debug|Any CPU
		{E91F153A-2149-40A1-B2EF-47B5BE3942FC}.Debug|Any CPU.Build.0 = Debug|Any CPU
		{E91F153A-2149-40A1-B2EF-47B5BE3942FC}.Release|Any CPU.ActiveCfg = Release|Any CPU
		{E91F153A-2149-40A1-B2EF-47B5BE3942FC}.Release|Any CPU.Build.0 = Release|Any CPU
		{0C903CE6-2BCE-4BE5-8247-BF6BBE4618C1}.Debug|Any CPU.ActiveCfg = Debug|Any CPU
		{0C903CE6-2BCE-4BE5-8247-BF6BBE4618C1}.Debug|Any CPU.Build.0 = Debug|Any CPU
		{0C903CE6-2BCE-4BE5-8247-BF6BBE4618C1}.Release|Any CPU.ActiveCfg = Release|Any CPU
		{0C903CE6-2BCE-4BE5-8247-BF6BBE4618C1}.Release|Any CPU.Build.0 = Release|Any CPU
		{D1FCB059-20F2-4C8F-9B5A-13D0B3C102E5}.Debug|Any CPU.ActiveCfg = Debug|Any CPU
		{D1FCB059-20F2-4C8F-9B5A-13D0B3C102E5}.Debug|Any CPU.Build.0 = Debug|Any CPU
		{D1FCB059-20F2-4C8F-9B5A-13D0B3C102E5}.Release|Any CPU.ActiveCfg = Release|Any CPU
		{D1FCB059-20F2-4C8F-9B5A-13D0B3C102E5}.Release|Any CPU.Build.0 = Release|Any CPU
	EndGlobalSection
	GlobalSection(SolutionProperties) = preSolution
		HideSolutionNode = FALSE
	EndGlobalSection
	GlobalSection(NestedProjects) = preSolution
		{5A1C036E-D011-4BEA-922D-A0A4D7653128} = {276EFBDB-FAE2-4F6E-A1C4-3AC2E829DC16}
		{F411E487-4B6E-44AB-B69F-8FD14FF1D8B8} = {E478E12F-D888-49D5-9C74-0F1222D5C452}
		{7B853C07-0FF6-40A6-939A-35062346532A} = {E478E12F-D888-49D5-9C74-0F1222D5C452}
		{62715912-320C-4A1F-BC2E-E9F2C225A1D2} = {F0AC476A-4449-46F9-94D0-E56515D3E358}
		{ADC77EF5-0819-4073-B856-E2CB2358E55C} = {F0AC476A-4449-46F9-94D0-E56515D3E358}
		{E91F153A-2149-40A1-B2EF-47B5BE3942FC} = {F0AC476A-4449-46F9-94D0-E56515D3E358}
		{0C903CE6-2BCE-4BE5-8247-BF6BBE4618C1} = {A99E8602-81F7-4FFF-88C5-305D65C27E52}
		{D1FCB059-20F2-4C8F-9B5A-13D0B3C102E5} = {276EFBDB-FAE2-4F6E-A1C4-3AC2E829DC16}
	EndGlobalSection
	GlobalSection(ExtensibilityGlobals) = postSolution
		SolutionGuid = {FE5A7BB6-2765-4F14-88D4-4DA839A13A6C}
	EndGlobalSection
EndGlobal
